
Microsoft Visual Studio Solution File, Format Version 12.00
# Visual Studio Version 16
VisualStudioVersion = 16.0.31911.196
MinimumVisualStudioVersion = 10.0.40219.1
Project("{2150E333-8FDC-42A3-9474-1A3956D46DE8}") = "Services", "Services", "{D05CEBB6-F3B0-4B71-AA74-C984771850C5}"
EndProject
Project("{2150E333-8FDC-42A3-9474-1A3956D46DE8}") = "Catalog", "Catalog", "{8FAF657B-6BD5-4166-A34E-E16223D73BAC}"
EndProject
Project("{9A19103F-16F7-4668-BE54-9A1E7A4F7556}") = "Catalog.API", "Services\Catalog\Catalog.API\Catalog.API.csproj", "{EDD2AC4F-C4CF-464A-841E-EE7ADE9B3B04}"
EndProject
Project("{E53339B2-1760-4266-BCC7-CA923CBCF16C}") = "docker-compose", "docker-compose.dcproj", "{DF44DB2F-3E1A-4CCA-823E-DE83A58B2014}"
EndProject
Project("{2150E333-8FDC-42A3-9474-1A3956D46DE8}") = "Basket", "Basket", "{EF0CF3D6-E4EF-4F93-A43F-F976B0997686}"
EndProject
Project("{9A19103F-16F7-4668-BE54-9A1E7A4F7556}") = "Basket.API", "Services\Basket\Basket.API\Basket.API.csproj", "{CECB82F2-1AE4-4097-A494-874E4DE91322}"
EndProject
Project("{2150E333-8FDC-42A3-9474-1A3956D46DE8}") = "Discount", "Discount", "{68AF6DE4-4202-4CB6-957C-5BCC44997568}"
EndProject
Project("{9A19103F-16F7-4668-BE54-9A1E7A4F7556}") = "Discount.API", "Services\Discount\Discount.API\Discount.API.csproj", "{94E9CFD1-C7E2-4742-A671-E58D30554C4C}"
EndProject
Project("{9A19103F-16F7-4668-BE54-9A1E7A4F7556}") = "Discount.Grpc", "Services\Discount\Discount.Grpc\Discount.Grpc.csproj", "{80D37381-6C54-4E28-8E08-41000FAC3489}"
EndProject
Global
	GlobalSection(SolutionConfigurationPlatforms) = preSolution
		Debug|Any CPU = Debug|Any CPU
		Release|Any CPU = Release|Any CPU
	EndGlobalSection
	GlobalSection(ProjectConfigurationPlatforms) = postSolution
		{EDD2AC4F-C4CF-464A-841E-EE7ADE9B3B04}.Debug|Any CPU.ActiveCfg = Debug|Any CPU
		{EDD2AC4F-C4CF-464A-841E-EE7ADE9B3B04}.Debug|Any CPU.Build.0 = Debug|Any CPU
		{EDD2AC4F-C4CF-464A-841E-EE7ADE9B3B04}.Release|Any CPU.ActiveCfg = Release|Any CPU
		{EDD2AC4F-C4CF-464A-841E-EE7ADE9B3B04}.Release|Any CPU.Build.0 = Release|Any CPU
		{DF44DB2F-3E1A-4CCA-823E-DE83A58B2014}.Debug|Any CPU.ActiveCfg = Debug|Any CPU
		{DF44DB2F-3E1A-4CCA-823E-DE83A58B2014}.Debug|Any CPU.Build.0 = Debug|Any CPU
		{DF44DB2F-3E1A-4CCA-823E-DE83A58B2014}.Release|Any CPU.ActiveCfg = Release|Any CPU
		{DF44DB2F-3E1A-4CCA-823E-DE83A58B2014}.Release|Any CPU.Build.0 = Release|Any CPU
		{CECB82F2-1AE4-4097-A494-874E4DE91322}.Debug|Any CPU.ActiveCfg = Debug|Any CPU
		{CECB82F2-1AE4-4097-A494-874E4DE91322}.Debug|Any CPU.Build.0 = Debug|Any CPU
		{CECB82F2-1AE4-4097-A494-874E4DE91322}.Release|Any CPU.ActiveCfg = Release|Any CPU
		{CECB82F2-1AE4-4097-A494-874E4DE91322}.Release|Any CPU.Build.0 = Release|Any CPU
		{94E9CFD1-C7E2-4742-A671-E58D30554C4C}.Debug|Any CPU.ActiveCfg = Debug|Any CPU
		{94E9CFD1-C7E2-4742-A671-E58D30554C4C}.Debug|Any CPU.Build.0 = Debug|Any CPU
		{94E9CFD1-C7E2-4742-A671-E58D30554C4C}.Release|Any CPU.ActiveCfg = Release|Any CPU
		{94E9CFD1-C7E2-4742-A671-E58D30554C4C}.Release|Any CPU.Build.0 = Release|Any CPU
		{80D37381-6C54-4E28-8E08-41000FAC3489}.Debug|Any CPU.ActiveCfg = Debug|Any CPU
		{80D37381-6C54-4E28-8E08-41000FAC3489}.Debug|Any CPU.Build.0 = Debug|Any CPU
		{80D37381-6C54-4E28-8E08-41000FAC3489}.Release|Any CPU.ActiveCfg = Release|Any CPU
		{80D37381-6C54-4E28-8E08-41000FAC3489}.Release|Any CPU.Build.0 = Release|Any CPU
	EndGlobalSection
	GlobalSection(SolutionProperties) = preSolution
		HideSolutionNode = FALSE
	EndGlobalSection
	GlobalSection(NestedProjects) = preSolution
		{8FAF657B-6BD5-4166-A34E-E16223D73BAC} = {D05CEBB6-F3B0-4B71-AA74-C984771850C5}
		{EDD2AC4F-C4CF-464A-841E-EE7ADE9B3B04} = {8FAF657B-6BD5-4166-A34E-E16223D73BAC}
		{EF0CF3D6-E4EF-4F93-A43F-F976B0997686} = {D05CEBB6-F3B0-4B71-AA74-C984771850C5}
		{CECB82F2-1AE4-4097-A494-874E4DE91322} = {EF0CF3D6-E4EF-4F93-A43F-F976B0997686}
		{68AF6DE4-4202-4CB6-957C-5BCC44997568} = {D05CEBB6-F3B0-4B71-AA74-C984771850C5}
		{94E9CFD1-C7E2-4742-A671-E58D30554C4C} = {68AF6DE4-4202-4CB6-957C-5BCC44997568}
		{80D37381-6C54-4E28-8E08-41000FAC3489} = {68AF6DE4-4202-4CB6-957C-5BCC44997568}
	EndGlobalSection
	GlobalSection(ExtensibilityGlobals) = postSolution
		SolutionGuid = {AEBB1913-B664-4B51-9607-69018FEC8DB1}
	EndGlobalSection
EndGlobal
